
Microsoft Visual Studio Solution File, Format Version 12.00
# Visual Studio 15
VisualStudioVersion = 15.0.28307.136
MinimumVisualStudioVersion = 10.0.40219.1
Project("{FAE04EC0-301F-11D3-BF4B-00C04F79EFBC}") = "FizzBuzz", "FizzBuzz.csproj", "{FEACCA2B-2D41-4542-8C17-2C32A961906A}"
EndProject
Global
	GlobalSection(SolutionConfigurationPlatforms) = preSolution
		Debug|Any CPU = Debug|Any CPU
		Release|Any CPU = Release|Any CPU
	EndGlobalSection
	GlobalSection(ProjectConfigurationPlatforms) = postSolution
		{FEACCA2B-2D41-4542-8C17-2C32A961906A}.Debug|Any CPU.ActiveCfg = Debug|Any CPU
		{FEACCA2B-2D41-4542-8C17-2C32A961906A}.Debug|Any CPU.Build.0 = Debug|Any CPU
		{FEACCA2B-2D41-4542-8C17-2C32A961906A}.Release|Any CPU.ActiveCfg = Release|Any CPU
		{FEACCA2B-2D41-4542-8C17-2C32A961906A}.Release|Any CPU.Build.0 = Release|Any CPU
	EndGlobalSection
	GlobalSection(SolutionProperties) = preSolution
		HideSolutionNode = FALSE
	EndGlobalSection
	GlobalSection(ExtensibilityGlobals) = postSolution
		SolutionGuid = {21116A90-898F-432A-89D2-F92146A18F88}
	EndGlobalSection
EndGlobal
